PODS:
  - IQKeyboardManagerSwift (6.5.9)
  - RxCocoa (6.5.0):
    - RxRelay (= 6.5.0)
    - RxSwift (= 6.5.0)
  - RxRelay (6.5.0):
    - RxSwift (= 6.5.0)
  - RxSwift (6.5.0)
  - XLPagerTabStrip (9.0.0)

DEPENDENCIES:
  - IQKeyboardManagerSwift
  - RxCocoa (= 6.5.0)
  - RxSwift (= 6.5.0)
  - XLPagerTabStrip

SPEC REPOS:
  trunk:
    - IQKeyboardManagerSwift
    - RxCocoa
    - RxRelay
    - RxSwift
    - XLPagerTabStrip

SPEC CHECKSUMS:
  IQKeyboardManagerSwift: 6e839c575c4aa1078d58a596e41244e77abe918f
  RxCocoa: 94f817b71c07517321eb4f9ad299112ca8af743b
  RxRelay: 1de1523e604c72b6c68feadedd1af3b1b4d0ecbd
  RxSwift: 5710a9e6b17f3c3d6e40d6e559b9fa1e813b2ef8
  XLPagerTabStrip: 61c57fd61f611ee5f01ff1495ad6fbee8bf496c5

PODFILE CHECKSUM: cadbd8a5cc77b1c6ebb2f06816cce61b9058fc83

COCOAPODS: 1.11.2
