// !$*UTF8*$!
{
	archiveVersion = 1;
	classes = {
	};
	objectVersion = 55;
	objects = {

/* Begin PBXBuildFile section */
		8676C5A52826C9180010CE7A /* AppDelegate.swift in Sources */ = {isa = PBXBuildFile; fileRef = 8676C5A42826C9180010CE7A /* AppDelegate.swift */; };
		8676C5A72826C9180010CE7A /* SceneDelegate.swift in Sources */ = {isa = PBXBuildFile; fileRef = 8676C5A62826C9180010CE7A /* SceneDelegate.swift */; };
		8676C5A92826C9180010CE7A /* ViewController.swift in Sources */ = {isa = PBXBuildFile; fileRef = 8676C5A82826C9180010CE7A /* ViewController.swift */; };
		8676C5AC2826C9180010CE7A /* Main.storyboard in Resources */ = {isa = PBXBuildFile; fileRef = 8676C5AA2826C9180010CE7A /* Main.storyboard */; };
		8676C5AE2826C91A0010CE7A /* Assets.xcassets in Resources */ = {isa = PBXBuildFile; fileRef = 8676C5AD2826C91A0010CE7A /* Assets.xcassets */; };
		8676C5B12826C91A0010CE7A /* LaunchScreen.storyboard in Resources */ = {isa = PBXBuildFile; fileRef = 8676C5AF2826C91A0010CE7A /* LaunchScreen.storyboard */; };
		8676C5BC2826C91B0010CE7A /* KusuriTests.swift in Sources */ = {isa = PBXBuildFile; fileRef = 8676C5BB2826C91B0010CE7A /* KusuriTests.swift */; };
		8676C5C62826C91B0010CE7A /* KusuriUITests.swift in Sources */ = {isa = PBXBuildFile; fileRef = 8676C5C52826C91B0010CE7A /* KusuriUITests.swift */; };
		8676C5C82826C91B0010CE7A /* KusuriUITestsLaunchTests.swift in Sources */ = {isa = PBXBuildFile; fileRef = 8676C5C72826C91B0010CE7A /* KusuriUITestsLaunchTests.swift */; };
/* End PBXBuildFile section */

/* Begin PBXContainerItemProxy section */
		8676C5B82826C91B0010CE7A /* PBXContainerItemProxy */ = {
			isa = PBXContainerItemProxy;
			containerPortal = 8676C5992826C9180010CE7A /* Project object */;
			proxyType = 1;
			remoteGlobalIDString = 8676C5A02826C9180010CE7A;
			remoteInfo = Kusuri;
		};
		8676C5C22826C91B0010CE7A /* PBXContainerItemProxy */ = {
			isa = PBXContainerItemProxy;
			containerPortal = 8676C5992826C9180010CE7A /* Project object */;
			proxyType = 1;
			remoteGlobalIDString = 8676C5A02826C9180010CE7A;
			remoteInfo = Kusuri;
		};
/* End PBXContainerItemProxy section */

/* Begin PBXFileReference section */
		8676C5A12826C9180010CE7A /* Kusuri.app */ = {isa = PBXFileReference; explicitFileType = wrapper.application; includeInIndex = 0; path = Kusuri.app; sourceTree = BUILT_PRODUCTS_DIR; };
		8676C5A42826C9180010CE7A /* AppDelegate.swift */ = {isa = PBXFileReference; lastKnownFileType = sourcecode.swift; path = AppDelegate.swift; sourceTree = "<group>"; };
		8676C5A62826C9180010CE7A /* SceneDelegate.swift */ = {isa = PBXFileReference; lastKnownFileType = sourcecode.swift; path = SceneDelegate.swift; sourceTree = "<group>"; };
		8676C5A82826C9180010CE7A /* ViewController.swift */ = {isa = PBXFileReference; lastKnownFileType = sourcecode.swift; path = ViewController.swift; sourceTree = "<group>"; };
		8676C5AB2826C9180010CE7A /* Base */ = {isa = PBXFileReference; lastKnownFileType = file.storyboard; name = Base; path = Base.lproj/Main.storyboard; sourceTree = "<group>"; };
		8676C5AD2826C91A0010CE7A /* Assets.xcassets */ = {isa = PBXFileReference; lastKnownFileType = folder.assetcatalog; path = Assets.xcassets; sourceTree = "<group>"; };
		8676C5B02826C91A0010CE7A /* Base */ = {isa = PBXFileReference; lastKnownFileType = file.storyboard; name = Base; path = Base.lproj/LaunchScreen.storyboard; sourceTree = "<group>"; };
		8676C5B22826C91A0010CE7A /* Info.plist */ = {isa = PBXFileReference; lastKnownFileType = text.plist.xml; path = Info.plist; sourceTree = "<group>"; };
		8676C5B72826C91B0010CE7A /* KusuriTests.xctest */ = {isa = PBXFileReference; explicitFileType = wrapper.cfbundle; includeInIndex = 0; path = KusuriTests.xctest; sourceTree = BUILT_PRODUCTS_DIR; };
		8676C5BB2826C91B0010CE7A /* KusuriTests.swift */ = {isa = PBXFileReference; lastKnownFileType = sourcecode.swift; path = KusuriTests.swift; sourceTree = "<group>"; };
		8676C5C12826C91B0010CE7A /* KusuriUITests.xctest */ = {isa = PBXFileReference; explicitFileType = wrapper.cfbundle; includeInIndex = 0; path = KusuriUITests.xctest; sourceTree = BUILT_PRODUCTS_DIR; };
		8676C5C52826C91B0010CE7A /* KusuriUITests.swift */ = {isa = PBXFileReference; lastKnownFileType = sourcecode.swift; path = KusuriUITests.swift; sourceTree = "<group>"; };
		8676C5C72826C91B0010CE7A /* KusuriUITestsLaunchTests.swift */ = {isa = PBXFileReference; lastKnownFileType = sourcecode.swift; path = KusuriUITestsLaunchTests.swift; sourceTree = "<group>"; };
/* End PBXFileReference section */

/* Begin PBXFrameworksBuildPhase section */
		8676C59E2826C9180010CE7A /* Frameworks */ = {
			isa = PBXFrameworksBuildPhase;
			buildActionMask = 2147483647;
			files = (
			);
			runOnlyForDeploymentPostprocessing = 0;
		};
		8676C5B42826C91B0010CE7A /* Frameworks */ = {
			isa = PBXFrameworksBuildPhase;
			buildActionMask = 2147483647;
			files = (
			);
			runOnlyForDeploymentPostprocessing = 0;
		};
		8676C5BE2826C91B0010CE7A /* Frameworks */ = {
			isa = PBXFrameworksBuildPhase;
			buildActionMask = 2147483647;
			files = (
			);
			runOnlyForDeploymentPostprocessing = 0;
		};
/* End PBXFrameworksBuildPhase section */

/* Begin PBXGroup section */
		8676C5982826C9180010CE7A = {
			isa = PBXGroup;
			children = (
				8676C5A32826C9180010CE7A /* Kusuri */,
				8676C5BA2826C91B0010CE7A /* KusuriTests */,
				8676C5C42826C91B0010CE7A /* KusuriUITests */,
				8676C5A22826C9180010CE7A /* Products */,
			);
			sourceTree = "<group>";
		};
		8676C5A22826C9180010CE7A /* Products */ = {
			isa = PBXGroup;
			children = (
				8676C5A12826C9180010CE7A /* Kusuri.app */,
				8676C5B72826C91B0010CE7A /* KusuriTests.xctest */,
				8676C5C12826C91B0010CE7A /* KusuriUITests.xctest */,
			);
			name = Products;
			sourceTree = "<group>";
		};
		8676C5A32826C9180010CE7A /* Kusuri */ = {
			isa = PBXGroup;
			children = (
				8676C5A42826C9180010CE7A /* AppDelegate.swift */,
				8676C5A62826C9180010CE7A /* SceneDelegate.swift */,
				8676C5A82826C9180010CE7A /* ViewController.swift */,
				8676C5AA2826C9180010CE7A /* Main.storyboard */,
				8676C5AD2826C91A0010CE7A /* Assets.xcassets */,
				8676C5AF2826C91A0010CE7A /* LaunchScreen.storyboard */,
				8676C5B22826C91A0010CE7A /* Info.plist */,
			);
			path = Kusuri;
			sourceTree = "<group>";
		};
		8676C5BA2826C91B0010CE7A /* KusuriTests */ = {
			isa = PBXGroup;
			children = (
				8676C5BB2826C91B0010CE7A /* KusuriTests.swift */,
			);
			path = KusuriTests;
			sourceTree = "<group>";
		};
		8676C5C42826C91B0010CE7A /* KusuriUITests */ = {
			isa = PBXGroup;
			children = (
				8676C5C52826C91B0010CE7A /* KusuriUITests.swift */,
				8676C5C72826C91B0010CE7A /* KusuriUITestsLaunchTests.swift */,
			);
			path = KusuriUITests;
			sourceTree = "<group>";
		};
/* End PBXGroup section */

/* Begin PBXNativeTarget section */
		8676C5A02826C9180010CE7A /* Kusuri */ = {
			isa = PBXNativeTarget;
			buildConfigurationList = 8676C5CB2826C91B0010CE7A /* Build configuration list for PBXNativeTarget "Kusuri" */;
			buildPhases = (
				8676C59D2826C9180010CE7A /* Sources */,
				8676C59E2826C9180010CE7A /* Frameworks */,
				8676C59F2826C9180010CE7A /* Resources */,
			);
			buildRules = (
			);
			dependencies = (
			);
			name = Kusuri;
			productName = Kusuri;
			productReference = 8676C5A12826C9180010CE7A /* Kusuri.app */;
			productType = "com.apple.product-type.application";
		};
		8676C5B62826C91B0010CE7A /* KusuriTests */ = {
			isa = PBXNativeTarget;
			buildConfigurationList = 8676C5CE2826C91B0010CE7A /* Build configuration list for PBXNativeTarget "KusuriTests" */;
			buildPhases = (
				8676C5B32826C91B0010CE7A /* Sources */,
				8676C5B42826C91B0010CE7A /* Frameworks */,
				8676C5B52826C91B0010CE7A /* Resources */,
			);
			buildRules = (
			);
			dependencies = (
				8676C5B92826C91B0010CE7A /* PBXTargetDependency */,
			);
			name = KusuriTests;
			productName = KusuriTests;
			productReference = 8676C5B72826C91B0010CE7A /* KusuriTests.xctest */;
			productType = "com.apple.product-type.bundle.unit-test";
		};
		8676C5C02826C91B0010CE7A /* KusuriUITests */ = {
			isa = PBXNativeTarget;
			buildConfigurationList = 8676C5D12826C91B0010CE7A /* Build configuration list for PBXNativeTarget "KusuriUITests" */;
			buildPhases = (
				8676C5BD2826C91B0010CE7A /* Sources */,
				8676C5BE2826C91B0010CE7A /* Frameworks */,
				8676C5BF2826C91B0010CE7A /* Resources */,
			);
			buildRules = (
			);
			dependencies = (
				8676C5C32826C91B0010CE7A /* PBXTargetDependency */,
			);
			name = KusuriUITests;
			productName = KusuriUITests;
			productReference = 8676C5C12826C91B0010CE7A /* KusuriUITests.xctest */;
			productType = "com.apple.product-type.bundle.ui-testing";
		};
/* End PBXNativeTarget section */

/* Begin PBXProject section */
		8676C5992826C9180010CE7A /* Project object */ = {
			isa = PBXProject;
			attributes = {
				BuildIndependentTargetsInParallel = 1;
				LastSwiftUpdateCheck = 1320;
				LastUpgradeCheck = 1320;
				TargetAttributes = {
					8676C5A02826C9180010CE7A = {
						CreatedOnToolsVersion = 13.2.1;
					};
					8676C5B62826C91B0010CE7A = {
						CreatedOnToolsVersion = 13.2.1;
						TestTargetID = 8676C5A02826C9180010CE7A;
					};
					8676C5C02826C91B0010CE7A = {
						CreatedOnToolsVersion = 13.2.1;
						TestTargetID = 8676C5A02826C9180010CE7A;
					};
				};
			};
			buildConfigurationList = 8676C59C2826C9180010CE7A /* Build configuration list for PBXProject "Kusuri" */;
			compatibilityVersion = "Xcode 13.0";
			developmentRegion = en;
			hasScannedForEncodings = 0;
			knownRegions = (
				en,
				Base,
			);
			mainGroup = 8676C5982826C9180010CE7A;
			productRefGroup = 8676C5A22826C9180010CE7A /* Products */;
			projectDirPath = "";
			projectRoot = "";
			targets = (
				8676C5A02826C9180010CE7A /* Kusuri */,
				8676C5B62826C91B0010CE7A /* KusuriTests */,
				8676C5C02826C91B0010CE7A /* KusuriUITests */,
			);
		};
/* End PBXProject section */

/* Begin PBXResourcesBuildPhase section */
		8676C59F2826C9180010CE7A /* Resources */ = {
			isa = PBXResourcesBuildPhase;
			buildActionMask = 2147483647;
			files = (
				8676C5B12826C91A0010CE7A /* LaunchScreen.storyboard in Resources */,
				8676C5AE2826C91A0010CE7A /* Assets.xcassets in Resources */,
				8676C5AC2826C9180010CE7A /* Main.storyboard in Resources */,
			);
			runOnlyForDeploymentPostprocessing = 0;
		};
		8676C5B52826C91B0010CE7A /* Resources */ = {
			isa = PBXResourcesBuildPhase;
			buildActionMask = 2147483647;
			files = (
			);
			runOnlyForDeploymentPostprocessing = 0;
		};
		8676C5BF2826C91B0010CE7A /* Resources */ = {
			isa = PBXResourcesBuildPhase;
			buildActionMask = 2147483647;
			files = (
			);
			runOnlyForDeploymentPostprocessing = 0;
		};
/* End PBXResourcesBuildPhase section */

/* Begin PBXSourcesBuildPhase section */
		8676C59D2826C9180010CE7A /* Sources */ = {
			isa = PBXSourcesBuildPhase;
			buildActionMask = 2147483647;
			files = (
				8676C5A92826C9180010CE7A /* ViewController.swift in Sources */,
				8676C5A52826C9180010CE7A /* AppDelegate.swift in Sources */,
				8676C5A72826C9180010CE7A /* SceneDelegate.swift in Sources */,
			);
			runOnlyForDeploymentPostprocessing = 0;
		};
		8676C5B32826C91B0010CE7A /* Sources */ = {
			isa = PBXSourcesBuildPhase;
			buildActionMask = 2147483647;
			files = (
				8676C5BC2826C91B0010CE7A /* KusuriTests.swift in Sources */,
			);
			runOnlyForDeploymentPostprocessing = 0;
		};
		8676C5BD2826C91B0010CE7A /* Sources */ = {
			isa = PBXSourcesBuildPhase;
			buildActionMask = 2147483647;
			files = (
				8676C5C62826C91B0010CE7A /* KusuriUITests.swift in Sources */,
				8676C5C82826C91B0010CE7A /* KusuriUITestsLaunchTests.swift in Sources */,
			);
			runOnlyForDeploymentPostprocessing = 0;
		};
/* End PBXSourcesBuildPhase section */

/* Begin PBXTargetDependency section */
		8676C5B92826C91B0010CE7A /* PBXTargetDependency */ = {
			isa = PBXTargetDependency;
			target = 8676C5A02826C9180010CE7A /* Kusuri */;
			targetProxy = 8676C5B82826C91B0010CE7A /* PBXContainerItemProxy */;
		};
		8676C5C32826C91B0010CE7A /* PBXTargetDependency */ = {
			isa = PBXTargetDependency;
			target = 8676C5A02826C9180010CE7A /* Kusuri */;
			targetProxy = 8676C5C22826C91B0010CE7A /* PBXContainerItemProxy */;
		};
/* End PBXTargetDependency section */

/* Begin PBXVariantGroup section */
		8676C5AA2826C9180010CE7A /* Main.storyboard */ = {
			isa = PBXVariantGroup;
			children = (
				8676C5AB2826C9180010CE7A /* Base */,
			);
			name = Main.storyboard;
			sourceTree = "<group>";
		};
		8676C5AF2826C91A0010CE7A /* LaunchScreen.storyboard */ = {
			isa = PBXVariantGroup;
			children = (
				8676C5B02826C91A0010CE7A /* Base */,
			);
			name = LaunchScreen.storyboard;
			sourceTree = "<group>";
		};
/* End PBXVariantGroup section */

/* Begin XCBuildConfiguration section */
		8676C5C92826C91B0010CE7A /* Debug */ = {
			isa = XCBuildConfiguration;
			buildSettings = {
				ALWAYS_SEARCH_USER_PATHS = NO;
				CLANG_ANALYZER_NONNULL = YES;
				CLANG_ANALYZER_NUMBER_OBJECT_CONVERSION = YES_AGGRESSIVE;
				CLANG_CXX_LANGUAGE_STANDARD = "gnu++17";
				CLANG_CXX_LIBRARY = "libc++";
				CLANG_ENABLE_MODULES = YES;
				CLANG_ENABLE_OBJC_ARC = YES;
				CLANG_ENABLE_OBJC_WEAK = YES;
				CLANG_WARN_BLOCK_CAPTURE_AUTORELEASING = YES;
				CLANG_WARN_BOOL_CONVERSION = YES;
				CLANG_WARN_COMMA = YES;
				CLANG_WARN_CONSTANT_CONVERSION = YES;
				CLANG_WARN_DEPRECATED_OBJC_IMPLEMENTATIONS = YES;
				CLANG_WARN_DIRECT_OBJC_ISA_USAGE = YES_ERROR;
				CLANG_WARN_DOCUMENTATION_COMMENTS = YES;
				CLANG_WARN_EMPTY_BODY = YES;
				CLANG_WARN_ENUM_CONVERSION = YES;
				CLANG_WARN_INFINITE_RECURSION = YES;
				CLANG_WARN_INT_CONVERSION = YES;
				CLANG_WARN_NON_LITERAL_NULL_CONVERSION = YES;
				CLANG_WARN_OBJC_IMPLICIT_RETAIN_SELF = YES;
				CLANG_WARN_OBJC_LITERAL_CONVERSION = YES;
				CLANG_WARN_OBJC_ROOT_CLASS = YES_ERROR;
				CLANG_WARN_QUOTED_INCLUDE_IN_FRAMEWORK_HEADER = YES;
				CLANG_WARN_RANGE_LOOP_ANALYSIS = YES;
				CLANG_WARN_STRICT_PROTOTYPES = YES;
				CLANG_WARN_SUSPICIOUS_MOVE = YES;
				CLANG_WARN_UNGUARDED_AVAILABILITY = YES_AGGRESSIVE;
				CLANG_WARN_UNREACHABLE_CODE = YES;
				CLANG_WARN__DUPLICATE_METHOD_MATCH = YES;
				COPY_PHASE_STRIP = NO;
				DEBUG_INFORMATION_FORMAT = dwarf;
				ENABLE_STRICT_OBJC_MSGSEND = YES;
				ENABLE_TESTABILITY = YES;
				GCC_C_LANGUAGE_STANDARD = gnu11;
				GCC_DYNAMIC_NO_PIC = NO;
				GCC_NO_COMMON_BLOCKS = YES;
				GCC_OPTIMIZATION_LEVEL = 0;
				GCC_PREPROCESSOR_DEFINITIONS = (
					"DEBUG=1",
					"$(inherited)",
				);
				GCC_WARN_64_TO_32_BIT_CONVERSION = YES;
				GCC_WARN_ABOUT_RETURN_TYPE = YES_ERROR;
				GCC_WARN_UNDECLARED_SELECTOR = YES;
				GCC_WARN_UNINITIALIZED_AUTOS = YES_AGGRESSIVE;
				GCC_WARN_UNUSED_FUNCTION = YES;
				GCC_WARN_UNUSED_VARIABLE = YES;
				IPHONEOS_DEPLOYMENT_TARGET = 15.2;
				MTL_ENABLE_DEBUG_INFO = INCLUDE_SOURCE;
				MTL_FAST_MATH = YES;
				ONLY_ACTIVE_ARCH = YES;
				SDKROOT = iphoneos;
				SWIFT_ACTIVE_COMPILATION_CONDITIONS = DEBUG;
				SWIFT_OPTIMIZATION_LEVEL = "-Onone";
			};
			name = Debug;
		};
		8676C5CA2826C91B0010CE7A /* Release */ = {
			isa = XCBuildConfiguration;
			buildSettings = {
				ALWAYS_SEARCH_USER_PATHS = NO;
				CLANG_ANALYZER_NONNULL = YES;
				CLANG_ANALYZER_NUMBER_OBJECT_CONVERSION = YES_AGGRESSIVE;
				CLANG_CXX_LANGUAGE_STANDARD = "gnu++17";
				CLANG_CXX_LIBRARY = "libc++";
				CLANG_ENABLE_MODULES = YES;
				CLANG_ENABLE_OBJC_ARC = YES;
				CLANG_ENABLE_OBJC_WEAK = YES;
				CLANG_WARN_BLOCK_CAPTURE_AUTORELEASING = YES;
				CLANG_WARN_BOOL_CONVERSION = YES;
				CLANG_WARN_COMMA = YES;
				CLANG_WARN_CONSTANT_CONVERSION = YES;
				CLANG_WARN_DEPRECATED_OBJC_IMPLEMENTATIONS = YES;
				CLANG_WARN_DIRECT_OBJC_ISA_USAGE = YES_ERROR;
				CLANG_WARN_DOCUMENTATION_COMMENTS = YES;
				CLANG_WARN_EMPTY_BODY = YES;
				CLANG_WARN_ENUM_CONVERSION = YES;
				CLANG_WARN_INFINITE_RECURSION = YES;
				CLANG_WARN_INT_CONVERSION = YES;
				CLANG_WARN_NON_LITERAL_NULL_CONVERSION = YES;
				CLANG_WARN_OBJC_IMPLICIT_RETAIN_SELF = YES;
				CLANG_WARN_OBJC_LITERAL_CONVERSION = YES;
				CLANG_WARN_OBJC_ROOT_CLASS = YES_ERROR;
				CLANG_WARN_QUOTED_INCLUDE_IN_FRAMEWORK_HEADER = YES;
				CLANG_WARN_RANGE_LOOP_ANALYSIS = YES;
				CLANG_WARN_STRICT_PROTOTYPES = YES;
				CLANG_WARN_SUSPICIOUS_MOVE = YES;
				CLANG_WARN_UNGUARDED_AVAILABILITY = YES_AGGRESSIVE;
				CLANG_WARN_UNREACHABLE_CODE = YES;
				CLANG_WARN__DUPLICATE_METHOD_MATCH = YES;
				COPY_PHASE_STRIP = NO;
				DEBUG_INFORMATION_FORMAT = "dwarf-with-dsym";
				ENABLE_NS_ASSERTIONS = NO;
				ENABLE_STRICT_OBJC_MSGSEND = YES;
				GCC_C_LANGUAGE_STANDARD = gnu11;
				GCC_NO_COMMON_BLOCKS = YES;
				GCC_WARN_64_TO_32_BIT_CONVERSION = YES;
				GCC_WARN_ABOUT_RETURN_TYPE = YES_ERROR;
				GCC_WARN_UNDECLARED_SELECTOR = YES;
				GCC_WARN_UNINITIALIZED_AUTOS = YES_AGGRESSIVE;
				GCC_WARN_UNUSED_FUNCTION = YES;
				GCC_WARN_UNUSED_VARIABLE = YES;
				IPHONEOS_DEPLOYMENT_TARGET = 15.2;
				MTL_ENABLE_DEBUG_INFO = NO;
				MTL_FAST_MATH = YES;
				SDKROOT = iphoneos;
				SWIFT_COMPILATION_MODE = wholemodule;
				SWIFT_OPTIMIZATION_LEVEL = "-O";
				VALIDATE_PRODUCT = YES;
			};
			name = Release;
		};
		8676C5CC2826C91B0010CE7A /* Debug */ = {
			isa = XCBuildConfiguration;
			buildSettings = {
				ASSETCATALOG_COMPILER_APPICON_NAME = AppIcon;
				ASSETCATALOG_COMPILER_GLOBAL_ACCENT_COLOR_NAME = AccentColor;
				ASSETCATALOG_COMPILER_INCLUDE_ALL_APPICON_ASSETS = YES;
				CODE_SIGN_IDENTITY = "iPhone Distribution";
				CODE_SIGN_STYLE = Manual;
				CURRENT_PROJECT_VERSION = 1;
				DEVELOPMENT_TEAM = X399MB9G5U;
				GENERATE_INFOPLIST_FILE = YES;
				INFOPLIST_FILE = Kusuri/Info.plist;
				INFOPLIST_KEY_CFBundleDisplayName = "添付文書";
				INFOPLIST_KEY_UIApplicationSupportsIndirectInputEvents = YES;
				INFOPLIST_KEY_UILaunchStoryboardName = LaunchScreen;
				INFOPLIST_KEY_UIMainStoryboardFile = LaunchScreen;
				INFOPLIST_KEY_UISupportedInterfaceOrientations = UIInterfaceOrientationPortrait;
				INFOPLIST_KEY_UISupportedInterfaceOrientations_iPad = "UIInterfaceOrientationPortrait UIInterfaceOrientationPortraitUpsideDown UIInterfaceOrientationLandscapeLeft UIInterfaceOrientationLandscapeRight";
				INFOPLIST_KEY_UISupportedInterfaceOrientations_iPhone = "UIInterfaceOrientationPortrait UIInterfaceOrientationLandscapeLeft UIInterfaceOrientationLandscapeRight";
				LD_RUNPATH_SEARCH_PATHS = (
					"$(inherited)",
					"@executable_path/Frameworks",
				);
				MARKETING_VERSION = 0.0.1;
				PRODUCT_BUNDLE_IDENTIFIER = com.yusinoue.kusuri.debug;
				PRODUCT_NAME = "$(TARGET_NAME)";
				PROVISIONING_PROFILE_SPECIFIER = "Kusuri Debug";
				SWIFT_EMIT_LOC_STRINGS = YES;
				SWIFT_VERSION = 5.0;
				TARGETED_DEVICE_FAMILY = "1,2";
			};
			name = Debug;
		};
		8676C5CD2826C91B0010CE7A /* Release */ = {
			isa = XCBuildConfiguration;
			buildSettings = {
				ASSETCATALOG_COMPILER_APPICON_NAME = AppIcon;
				ASSETCATALOG_COMPILER_GLOBAL_ACCENT_COLOR_NAME = AccentColor;
				ASSETCATALOG_COMPILER_INCLUDE_ALL_APPICON_ASSETS = YES;
				CODE_SIGN_IDENTITY = "iPhone Distribution";
				CODE_SIGN_STYLE = Manual;
				CURRENT_PROJECT_VERSION = 1;
				DEVELOPMENT_TEAM = X399MB9G5U;
				GENERATE_INFOPLIST_FILE = YES;
				INFOPLIST_FILE = Kusuri/Info.plist;
				INFOPLIST_KEY_CFBundleDisplayName = "添付文書";
				INFOPLIST_KEY_UIApplicationSupportsIndirectInputEvents = YES;
				INFOPLIST_KEY_UILaunchStoryboardName = LaunchScreen;
				INFOPLIST_KEY_UIMainStoryboardFile = LaunchScreen;
				INFOPLIST_KEY_UISupportedInterfaceOrientations = UIInterfaceOrientationPortrait;
				INFOPLIST_KEY_UISupportedInterfaceOrientations_iPad = "UIInterfaceOrientationPortrait UIInterfaceOrientationPortraitUpsideDown UIInterfaceOrientationLandscapeLeft UIInterfaceOrientationLandscapeRight";
				INFOPLIST_KEY_UISupportedInterfaceOrientations_iPhone = "UIInterfaceOrientationPortrait UIInterfaceOrientationLandscapeLeft UIInterfaceOrientationLandscapeRight";
				LD_RUNPATH_SEARCH_PATHS = (
					"$(inherited)",
					"@executable_path/Frameworks",
				);
				MARKETING_VERSION = 0.0.1;
				PRODUCT_BUNDLE_IDENTIFIER = com.yusinoue.kusuri;
				PRODUCT_NAME = "$(TARGET_NAME)";
				PROVISIONING_PROFILE_SPECIFIER = "Kusuri Release";
				SWIFT_EMIT_LOC_STRINGS = YES;
				SWIFT_VERSION = 5.0;
				TARGETED_DEVICE_FAMILY = "1,2";
			};
			name = Release;
		};
		8676C5CF2826C91B0010CE7A /* Debug */ = {
			isa = XCBuildConfiguration;
			buildSettings = {
				ALWAYS_EMBED_SWIFT_STANDARD_LIBRARIES = YES;
				BUNDLE_LOADER = "$(TEST_HOST)";
				CODE_SIGN_STYLE = Automatic;
				CURRENT_PROJECT_VERSION = 1;
				DEVELOPMENT_TEAM = 59R7C3NM48;
				GENERATE_INFOPLIST_FILE = YES;
				IPHONEOS_DEPLOYMENT_TARGET = 15.2;
				MARKETING_VERSION = 1.0;
				PRODUCT_BUNDLE_IDENTIFIER = com.yusinoue.KusuriTests;
				PRODUCT_NAME = "$(TARGET_NAME)";
				SWIFT_EMIT_LOC_STRINGS = NO;
				SWIFT_VERSION = 5.0;
				TARGETED_DEVICE_FAMILY = "1,2";
				TEST_HOST = "$(BUILT_PRODUCTS_DIR)/Kusuri.app/Kusuri";
			};
			name = Debug;
		};
		8676C5D02826C91B0010CE7A /* Release */ = {
			isa = XCBuildConfiguration;
			buildSettings = {
				ALWAYS_EMBED_SWIFT_STANDARD_LIBRARIES = YES;
				BUNDLE_LOADER = "$(TEST_HOST)";
				CODE_SIGN_STYLE = Automatic;
				CURRENT_PROJECT_VERSION = 1;
				DEVELOPMENT_TEAM = 59R7C3NM48;
				GENERATE_INFOPLIST_FILE = YES;
				IPHONEOS_DEPLOYMENT_TARGET = 15.2;
				MARKETING_VERSION = 1.0;
				PRODUCT_BUNDLE_IDENTIFIER = com.yusinoue.KusuriTests;
				PRODUCT_NAME = "$(TARGET_NAME)";
				SWIFT_EMIT_LOC_STRINGS = NO;
				SWIFT_VERSION = 5.0;
				TARGETED_DEVICE_FAMILY = "1,2";
				TEST_HOST = "$(BUILT_PRODUCTS_DIR)/Kusuri.app/Kusuri";
			};
			name = Release;
		};
		8676C5D22826C91B0010CE7A /* Debug */ = {
			isa = XCBuildConfiguration;
			buildSettings = {
				ALWAYS_EMBED_SWIFT_STANDARD_LIBRARIES = YES;
				CODE_SIGN_STYLE = Automatic;
				CURRENT_PROJECT_VERSION = 1;
				DEVELOPMENT_TEAM = 59R7C3NM48;
				GENERATE_INFOPLIST_FILE = YES;
				MARKETING_VERSION = 1.0;
				PRODUCT_BUNDLE_IDENTIFIER = com.yusinoue.KusuriUITests;
				PRODUCT_NAME = "$(TARGET_NAME)";
				SWIFT_EMIT_LOC_STRINGS = NO;
				SWIFT_VERSION = 5.0;
				TARGETED_DEVICE_FAMILY = "1,2";
				TEST_TARGET_NAME = Kusuri;
			};
			name = Debug;
		};
		8676C5D32826C91B0010CE7A /* Release */ = {
			isa = XCBuildConfiguration;
			buildSettings = {
				ALWAYS_EMBED_SWIFT_STANDARD_LIBRARIES = YES;
				CODE_SIGN_STYLE = Automatic;
				CURRENT_PROJECT_VERSION = 1;
				DEVELOPMENT_TEAM = 59R7C3NM48;
				GENERATE_INFOPLIST_FILE = YES;
				MARKETING_VERSION = 1.0;
				PRODUCT_BUNDLE_IDENTIFIER = com.yusinoue.KusuriUITests;
				PRODUCT_NAME = "$(TARGET_NAME)";
				SWIFT_EMIT_LOC_STRINGS = NO;
				SWIFT_VERSION = 5.0;
				TARGETED_DEVICE_FAMILY = "1,2";
				TEST_TARGET_NAME = Kusuri;
			};
			name = Release;
		};
/* End XCBuildConfiguration section */

/* Begin XCConfigurationList section */
		8676C59C2826C9180010CE7A /* Build configuration list for PBXProject "Kusuri" */ = {
			isa = XCConfigurationList;
			buildConfigurations = (
				8676C5C92826C91B0010CE7A /* Debug */,
				8676C5CA2826C91B0010CE7A /* Release */,
			);
			defaultConfigurationIsVisible = 0;
			defaultConfigurationName = Release;
		};
		8676C5CB2826C91B0010CE7A /* Build configuration list for PBXNativeTarget "Kusuri" */ = {
			isa = XCConfigurationList;
			buildConfigurations = (
				8676C5CC2826C91B0010CE7A /* Debug */,
				8676C5CD2826C91B0010CE7A /* Release */,
			);
			defaultConfigurationIsVisible = 0;
			defaultConfigurationName = Release;
		};
		8676C5CE2826C91B0010CE7A /* Build configuration list for PBXNativeTarget "KusuriTests" */ = {
			isa = XCConfigurationList;
			buildConfigurations = (
				8676C5CF2826C91B0010CE7A /* Debug */,
				8676C5D02826C91B0010CE7A /* Release */,
			);
			defaultConfigurationIsVisible = 0;
			defaultConfigurationName = Release;
		};
		8676C5D12826C91B0010CE7A /* Build configuration list for PBXNativeTarget "KusuriUITests" */ = {
			isa = XCConfigurationList;
			buildConfigurations = (
				8676C5D22826C91B0010CE7A /* Debug */,
				8676C5D32826C91B0010CE7A /* Release */,
			);
			defaultConfigurationIsVisible = 0;
			defaultConfigurationName = Release;
		};
/* End XCConfigurationList section */
	};
	rootObject = 8676C5992826C9180010CE7A /* Project object */;
}
